
Microsoft Visual Studio Solution File, Format Version 12.00
# Visual Studio Version 16
VisualStudioVersion = 16.0.33529.622
MinimumVisualStudioVersion = 10.0.40219.1
Project("{FAE04EC0-301F-11D3-BF4B-00C04F79EFBC}") = "AgreementApp", "AgreementApp\AgreementApp.csproj", "{9AB822F8-6423-4288-8E96-62EC16DCDE9C}"
EndProject
Project("{FAE04EC0-301F-11D3-BF4B-00C04F79EFBC}") = "AgreementApp_DL", "AgreementApp_DL\AgreementApp_DL.csproj", "{6BF35CC1-3AFF-4185-AEBC-9DCD93E2A280}"
EndProject
Project("{FAE04EC0-301F-11D3-BF4B-00C04F79EFBC}") = "AgreementApp_BL", "AgreementApp_BL\AgreementApp_BL.csproj", "{88176ECE-7B46-49C5-95E6-678D294B657C}"
EndProject
Global
	GlobalSection(SolutionConfigurationPlatforms) = preSolution
		Debug|Any CPU = Debug|Any CPU
		Release|Any CPU = Release|Any CPU
	EndGlobalSection
	GlobalSection(ProjectConfigurationPlatforms) = postSolution
		{9AB822F8-6423-4288-8E96-62EC16DCDE9C}.Debug|Any CPU.ActiveCfg = Debug|Any CPU
		{9AB822F8-6423-4288-8E96-62EC16DCDE9C}.Debug|Any CPU.Build.0 = Debug|Any CPU
		{9AB822F8-6423-4288-8E96-62EC16DCDE9C}.Release|Any CPU.ActiveCfg = Release|Any CPU
		{9AB822F8-6423-4288-8E96-62EC16DCDE9C}.Release|Any CPU.Build.0 = Release|Any CPU
		{6BF35CC1-3AFF-4185-AEBC-9DCD93E2A280}.Debug|Any CPU.ActiveCfg = Debug|Any CPU
		{6BF35CC1-3AFF-4185-AEBC-9DCD93E2A280}.Debug|Any CPU.Build.0 = Debug|Any CPU
		{6BF35CC1-3AFF-4185-AEBC-9DCD93E2A280}.Release|Any CPU.ActiveCfg = Release|Any CPU
		{6BF35CC1-3AFF-4185-AEBC-9DCD93E2A280}.Release|Any CPU.Build.0 = Release|Any CPU
		{88176ECE-7B46-49C5-95E6-678D294B657C}.Debug|Any CPU.ActiveCfg = Debug|Any CPU
		{88176ECE-7B46-49C5-95E6-678D294B657C}.Debug|Any CPU.Build.0 = Debug|Any CPU
		{88176ECE-7B46-49C5-95E6-678D294B657C}.Release|Any CPU.ActiveCfg = Release|Any CPU
		{88176ECE-7B46-49C5-95E6-678D294B657C}.Release|Any CPU.Build.0 = Release|Any CPU
	EndGlobalSection
	GlobalSection(SolutionProperties) = preSolution
		HideSolutionNode = FALSE
	EndGlobalSection
	GlobalSection(ExtensibilityGlobals) = postSolution
		SolutionGuid = {3EB317E7-8A43-4FB1-BAAB-148964773D06}
	EndGlobalSection
EndGlobal
